
Microsoft Visual Studio Solution File, Format Version 12.00
# Visual Studio 15
VisualStudioVersion = 15.0.28307.2092
MinimumVisualStudioVersion = 10.0.40219.1
Project("{FAE04EC0-301F-11D3-BF4B-00C04F79EFBC}") = "hw6_2", "hw6_2\hw6_2.csproj", "{2182D775-3B16-464D-8BD4-78645D94539E}"
EndProject
Global
	GlobalSection(SolutionConfigurationPlatforms) = preSolution
		Debug|Any CPU = Debug|Any CPU
		Release|Any CPU = Release|Any CPU
	EndGlobalSection
	GlobalSection(ProjectConfigurationPlatforms) = postSolution
		{2182D775-3B16-464D-8BD4-78645D94539E}.Debug|Any CPU.ActiveCfg = Debug|Any CPU
		{2182D775-3B16-464D-8BD4-78645D94539E}.Debug|Any CPU.Build.0 = Debug|Any CPU
		{2182D775-3B16-464D-8BD4-78645D94539E}.Release|Any CPU.ActiveCfg = Release|Any CPU
		{2182D775-3B16-464D-8BD4-78645D94539E}.Release|Any CPU.Build.0 = Release|Any CPU
	EndGlobalSection
	GlobalSection(SolutionProperties) = preSolution
		HideSolutionNode = FALSE
	EndGlobalSection
	GlobalSection(ExtensibilityGlobals) = postSolution
		SolutionGuid = {DBCB30AB-BEB4-41DC-9448-AD8C7B57B3A6}
	EndGlobalSection
EndGlobal
